Microsoft Visual Studio Solution File, Format Version 12.00
# Visual Studio Version 17
VisualStudioVersion = 17.5.2.0
MinimumVisualStudioVersion = 10.0.40219.1
Project("{FAE04EC0-301F-11D3-BF4B-00C04F79EFBC}") = "proyecto_caldas", "proyecto_caldas.csproj", "{0DDBC107-D3DC-A8B1-28E3-C5EC67FCB714}"
EndProject
Global
	GlobalSection(SolutionConfigurationPlatforms) = preSolution
		Debug|Any CPU = Debug|Any CPU
		Release|Any CPU = Release|Any CPU
	EndGlobalSection
	GlobalSection(ProjectConfigurationPlatforms) = postSolution
		{0DDBC107-D3DC-A8B1-28E3-C5EC67FCB714}.Debug|Any CPU.ActiveCfg = Debug|Any CPU
		{0DDBC107-D3DC-A8B1-28E3-C5EC67FCB714}.Debug|Any CPU.Build.0 = Debug|Any CPU
		{0DDBC107-D3DC-A8B1-28E3-C5EC67FCB714}.Release|Any CPU.ActiveCfg = Release|Any CPU
		{0DDBC107-D3DC-A8B1-28E3-C5EC67FCB714}.Release|Any CPU.Build.0 = Release|Any CPU
	EndGlobalSection
	GlobalSection(SolutionProperties) = preSolution
		HideSolutionNode = FALSE
	EndGlobalSection
	GlobalSection(ExtensibilityGlobals) = postSolution
		SolutionGuid = {FA9FE727-59CE-4F36-BEB4-3A81C2C841E2}
	EndGlobalSection
EndGlobal
